{
  "requires": true,
  "lockfileVersion": 1,
  "dependencies": {
    "filepond": {
      "version": "4.20.1",
      "resolved": "https://registry.npmjs.org/filepond/-/filepond-4.20.1.tgz",
      "integrity": "sha512-qYwE/xSODJuAJH0E2BHeD8f3X66nxZ/aUQSaGhUTVXuAWe0wvIjxaRcMZUIsZm2f7truScxAe16l5ITzxi5TFw=="
    },
    "fs": {
      "version": "0.0.1-security",
      "resolved": "https://registry.npmjs.org/fs/-/fs-0.0.1-security.tgz",
      "integrity": "sha1-invTcYa23d84E/I4WLV+yq9eQdQ="
    }
  }
}
